
Microsoft Visual Studio Solution File, Format Version 12.00
# Visual Studio 15
VisualStudioVersion = 15.0.28307.902
MinimumVisualStudioVersion = 10.0.40219.1
Project("{FAE04EC0-301F-11D3-BF4B-00C04F79EFBC}") = "CSDLPT", "CSDLPT\CSDLPT.csproj", "{854256B3-5993-4919-B0F1-B137C74909FB}"
EndProject
Global
	GlobalSection(SolutionConfigurationPlatforms) = preSolution
		Debug|Any CPU = Debug|Any CPU
		Release|Any CPU = Release|Any CPU
	EndGlobalSection
	GlobalSection(ProjectConfigurationPlatforms) = postSolution
		{854256B3-5993-4919-B0F1-B137C74909FB}.Debug|Any CPU.ActiveCfg = Debug|Any CPU
		{854256B3-5993-4919-B0F1-B137C74909FB}.Debug|Any CPU.Build.0 = Debug|Any CPU
		{854256B3-5993-4919-B0F1-B137C74909FB}.Release|Any CPU.ActiveCfg = Release|Any CPU
		{854256B3-5993-4919-B0F1-B137C74909FB}.Release|Any CPU.Build.0 = Release|Any CPU
	EndGlobalSection
	GlobalSection(SolutionProperties) = preSolution
		HideSolutionNode = FALSE
	EndGlobalSection
	GlobalSection(ExtensibilityGlobals) = postSolution
		SolutionGuid = {392F2551-39CA-4BA7-8F43-FD764FAEFAA5}
	EndGlobalSection
EndGlobal
